
Microsoft Visual Studio Solution File, Format Version 12.00
# Visual Studio Version 17
VisualStudioVersion = 17.4.33213.308
MinimumVisualStudioVersion = 10.0.40219.1
Project("{9A19103F-16F7-4668-BE54-9A1E7A4F7556}") = "FasterDevelopFM.Middleware.RateLimit", "FasterDevelopFM.Middleware.RateLimit\FasterDevelopFM.Middleware.RateLimit.csproj", "{4E996364-B14B-4538-A210-1E6382F20C17}"
EndProject
Project("{9A19103F-16F7-4668-BE54-9A1E7A4F7556}") = "FasterDevelopFM.Tools.VertificationCodeGenerator", "FasterDevelopFM.Tools.CommonHelper\FasterDevelopFM.Tools.VertificationCodeGenerator.csproj", "{61CA57D0-6C69-40C7-B058-EB9F85A1F512}"
EndProject
Project("{9A19103F-16F7-4668-BE54-9A1E7A4F7556}") = "FasterDevelopFM.Tools.OfficeHelper", "FasterDevelopFM.Tools.OfficeHelper\FasterDevelopFM.Tools.OfficeHelper.csproj", "{CBE3E4BF-1667-483C-8331-1C81EC044A65}"
EndProject
Project("{9A19103F-16F7-4668-BE54-9A1E7A4F7556}") = "FasterDevelopFM.Infrastructure", "FasterDevelopFM.Infrastructure\FasterDevelopFM.Infrastructure.csproj", "{78CDDAE9-7597-4050-A51D-676588DF288B}"
EndProject
Project("{9A19103F-16F7-4668-BE54-9A1E7A4F7556}") = "FasterDevelopFM.Tools.Encryption", "FasterDevelopFM.Tools.Encryption\FasterDevelopFM.Tools.Encryption.csproj", "{12261034-183B-4726-866B-18E2B820CAC8}"
EndProject
Project("{9A19103F-16F7-4668-BE54-9A1E7A4F7556}") = "FasterDevelopFM.Services.Cache.Redis", "FasterDevelopFM.Services.Cache.Redis\FasterDevelopFM.Services.Cache.Redis.csproj", "{CFABEE5F-3877-4826-83E8-05ED1D780FBB}"
EndProject
Project("{FAE04EC0-301F-11D3-BF4B-00C04F79EFBC}") = "FasterDevelopFM.Services.File.Local", "FasterDevelopFM.Services.File.Local\FasterDevelopFM.Services.File.Local.csproj", "{0233E9A5-A094-463F-85ED-6341D1BE2EFF}"
EndProject
Project("{FAE04EC0-301F-11D3-BF4B-00C04F79EFBC}") = "FasterDevelopFM.Services.File.Minio", "FasterDevelopFM.Services.File.Minio\FasterDevelopFM.Services.File.Minio.csproj", "{78863C56-B723-45BC-8FAB-7D979FD29666}"
EndProject
Project("{FAE04EC0-301F-11D3-BF4B-00C04F79EFBC}") = "FasterDevelopFM.Services.File.AliOss", "FasterDevelopFM.Services.File.AliOss\FasterDevelopFM.Services.File.AliOss.csproj", "{40B0EE60-18E4-450A-BCBE-FC28DC23F918}"
EndProject
Project("{FAE04EC0-301F-11D3-BF4B-00C04F79EFBC}") = "FasterDevelopFM.Services.File.Abstract", "FasterDevelopFM.Services.File.Abstract\FasterDevelopFM.Services.File.Abstract.csproj", "{6F8278B1-F2D1-4C8B-9B0B-C7E8D18665ED}"
EndProject
Global
	GlobalSection(SolutionConfigurationPlatforms) = preSolution
		Debug|Any CPU = Debug|Any CPU
		Release|Any CPU = Release|Any CPU
	EndGlobalSection
	GlobalSection(ProjectConfigurationPlatforms) = postSolution
		{4E996364-B14B-4538-A210-1E6382F20C17}.Debug|Any CPU.ActiveCfg = Debug|Any CPU
		{4E996364-B14B-4538-A210-1E6382F20C17}.Debug|Any CPU.Build.0 = Debug|Any CPU
		{4E996364-B14B-4538-A210-1E6382F20C17}.Release|Any CPU.ActiveCfg = Release|Any CPU
		{4E996364-B14B-4538-A210-1E6382F20C17}.Release|Any CPU.Build.0 = Release|Any CPU
		{61CA57D0-6C69-40C7-B058-EB9F85A1F512}.Debug|Any CPU.ActiveCfg = Debug|Any CPU
		{61CA57D0-6C69-40C7-B058-EB9F85A1F512}.Debug|Any CPU.Build.0 = Debug|Any CPU
		{61CA57D0-6C69-40C7-B058-EB9F85A1F512}.Release|Any CPU.ActiveCfg = Release|Any CPU
		{61CA57D0-6C69-40C7-B058-EB9F85A1F512}.Release|Any CPU.Build.0 = Release|Any CPU
		{CBE3E4BF-1667-483C-8331-1C81EC044A65}.Debug|Any CPU.ActiveCfg = Debug|Any CPU
		{CBE3E4BF-1667-483C-8331-1C81EC044A65}.Debug|Any CPU.Build.0 = Debug|Any CPU
		{CBE3E4BF-1667-483C-8331-1C81EC044A65}.Release|Any CPU.ActiveCfg = Release|Any CPU
		{CBE3E4BF-1667-483C-8331-1C81EC044A65}.Release|Any CPU.Build.0 = Release|Any CPU
		{78CDDAE9-7597-4050-A51D-676588DF288B}.Debug|Any CPU.ActiveCfg = Debug|Any CPU
		{78CDDAE9-7597-4050-A51D-676588DF288B}.Debug|Any CPU.Build.0 = Debug|Any CPU
		{78CDDAE9-7597-4050-A51D-676588DF288B}.Release|Any CPU.ActiveCfg = Release|Any CPU
		{78CDDAE9-7597-4050-A51D-676588DF288B}.Release|Any CPU.Build.0 = Release|Any CPU
		{12261034-183B-4726-866B-18E2B820CAC8}.Debug|Any CPU.ActiveCfg = Debug|Any CPU
		{12261034-183B-4726-866B-18E2B820CAC8}.Debug|Any CPU.Build.0 = Debug|Any CPU
		{12261034-183B-4726-866B-18E2B820CAC8}.Release|Any CPU.ActiveCfg = Release|Any CPU
		{12261034-183B-4726-866B-18E2B820CAC8}.Release|Any CPU.Build.0 = Release|Any CPU
		{CFABEE5F-3877-4826-83E8-05ED1D780FBB}.Debug|Any CPU.ActiveCfg = Debug|Any CPU
		{CFABEE5F-3877-4826-83E8-05ED1D780FBB}.Debug|Any CPU.Build.0 = Debug|Any CPU
		{CFABEE5F-3877-4826-83E8-05ED1D780FBB}.Release|Any CPU.ActiveCfg = Release|Any CPU
		{CFABEE5F-3877-4826-83E8-05ED1D780FBB}.Release|Any CPU.Build.0 = Release|Any CPU
		{0233E9A5-A094-463F-85ED-6341D1BE2EFF}.Debug|Any CPU.ActiveCfg = Debug|Any CPU
		{0233E9A5-A094-463F-85ED-6341D1BE2EFF}.Debug|Any CPU.Build.0 = Debug|Any CPU
		{0233E9A5-A094-463F-85ED-6341D1BE2EFF}.Release|Any CPU.ActiveCfg = Release|Any CPU
		{0233E9A5-A094-463F-85ED-6341D1BE2EFF}.Release|Any CPU.Build.0 = Release|Any CPU
		{78863C56-B723-45BC-8FAB-7D979FD29666}.Debug|Any CPU.ActiveCfg = Debug|Any CPU
		{78863C56-B723-45BC-8FAB-7D979FD29666}.Debug|Any CPU.Build.0 = Debug|Any CPU
		{78863C56-B723-45BC-8FAB-7D979FD29666}.Release|Any CPU.ActiveCfg = Release|Any CPU
		{78863C56-B723-45BC-8FAB-7D979FD29666}.Release|Any CPU.Build.0 = Release|Any CPU
		{40B0EE60-18E4-450A-BCBE-FC28DC23F918}.Debug|Any CPU.ActiveCfg = Debug|Any CPU
		{40B0EE60-18E4-450A-BCBE-FC28DC23F918}.Debug|Any CPU.Build.0 = Debug|Any CPU
		{40B0EE60-18E4-450A-BCBE-FC28DC23F918}.Release|Any CPU.ActiveCfg = Release|Any CPU
		{40B0EE60-18E4-450A-BCBE-FC28DC23F918}.Release|Any CPU.Build.0 = Release|Any CPU
		{6F8278B1-F2D1-4C8B-9B0B-C7E8D18665ED}.Debug|Any CPU.ActiveCfg = Debug|Any CPU
		{6F8278B1-F2D1-4C8B-9B0B-C7E8D18665ED}.Debug|Any CPU.Build.0 = Debug|Any CPU
		{6F8278B1-F2D1-4C8B-9B0B-C7E8D18665ED}.Release|Any CPU.ActiveCfg = Release|Any CPU
		{6F8278B1-F2D1-4C8B-9B0B-C7E8D18665ED}.Release|Any CPU.Build.0 = Release|Any CPU
	EndGlobalSection
	GlobalSection(SolutionProperties) = preSolution
		HideSolutionNode = FALSE
	EndGlobalSection
	GlobalSection(ExtensibilityGlobals) = postSolution
		SolutionGuid = {4D03145D-9F76-4C81-A7B8-A079DF06C23C}
	EndGlobalSection
EndGlobal
